{
  "nodes": {
    "nixpkgs": {
      "locked": {
        "lastModified": 1722221733,
        "narHash": "sha256-sga9SrrPb+pQJxG1ttJfMPheZvDOxApFfwXCFO0H9xw=",
        "owner": "NixOS",
        "repo": "nixpkgs",
        "rev": "12bf09802d77264e441f48e25459c10c93eada2e",
        "type": "github"
      },
      "original": {
        "owner": "NixOS",
        "ref": "nixos-24.05",
        "repo": "nixpkgs",
        "type": "github"
      }
    },
    "nixpkgs_darwin": {
      "locked": {
        "lastModified": 1722272837,
        "narHash": "sha256-iHO942tXSkiZ0ZhWkfqCvqo9/67+S6WYfphXSJogEmM=",
        "owner": "NixOS",
        "repo": "nixpkgs",
        "rev": "89526a7d969e38fe8c30253170d44d0f131882de",
        "type": "github"
      },
      "original": {
        "owner": "NixOS",
        "ref": "nixpkgs-24.05-darwin",
        "repo": "nixpkgs",
        "type": "github"
      }
    },
    "root": {
      "inputs": {
        "nixpkgs": "nixpkgs",
        "nixpkgs_darwin": "nixpkgs_darwin"
      }
    }
  },
  "root": "root",
  "version": 7
}
